schema: '2.0'
stages:
  data_ingestion:
    cmd: python src/data_ingestion.py
    deps:
    - path: src/data_ingestion.py
      hash: md5
      md5: 5b725da25abe64a59474b608b3f3e330
      size: 2498
    outs:
    - path: data/raw
      hash: md5
      md5: 16d8e0ad056802d2e3b3c1ca3e36e27c.dir
      size: 479272
      nfiles: 2
  data_preprocessing:
    cmd: python src/data_preprocessing.py
    deps:
    - path: data/raw
      hash: md5
      md5: 16d8e0ad056802d2e3b3c1ca3e36e27c.dir
      size: 479272
      nfiles: 2
    - path: src/data_preprocessing.py
      hash: md5
      md5: 85b5dfe2d1ee309f1e48ee1fea344a1e
      size: 3874
    outs:
    - path: data/interim
      hash: md5
      md5: fe04a7cbc6e5ba2997cd0bfd63e4f58f.dir
      size: 254760
      nfiles: 2
  feature_engineering:
    cmd: python src/feature_engineering.py
    deps:
    - path: data/interim
      hash: md5
      md5: fe04a7cbc6e5ba2997cd0bfd63e4f58f.dir
      size: 254760
      nfiles: 2
    - path: src/feature_engineering.py
      hash: md5
      md5: 8509e8d07371d76386555b92c8b4708d
      size: 3832
    outs:
    - path: data/processed
      hash: md5
      md5: 8d8688fd03bba5531c3bce04a101039f.dir
      size: 1176262
      nfiles: 2
  model_building:
    cmd: python src/model_training.py
    deps:
    - path: data/processed
      hash: md5
      md5: 8d8688fd03bba5531c3bce04a101039f.dir
      size: 1176262
      nfiles: 2
    - path: src/model_training.py
      hash: md5
      md5: bad25960f9ee8a9736e7026d04406e60
      size: 4375
    outs:
    - path: models/model.pkl
      hash: md5
      md5: 98f6a9e11134d2e1abfa1bfa8d7097e7
      size: 1054008
  model_evaluation:
    cmd: python src/model_evaluation.py
    deps:
    - path: models/model.pkl
      hash: md5
      md5: 98f6a9e11134d2e1abfa1bfa8d7097e7
      size: 1054008
    - path: src/model_evaluation.py
      hash: md5
      md5: 9c04ca5ab71bd9c5f5e88549418d1063
      size: 4549
    outs:
    - path: reports/metrics.json
      hash: md5
      md5: e49b56e36de76b66ce436072854a803d
      size: 139
