schema: '2.0'
stages:
  data_ingestion:
    cmd: python src/data_ingestion.py
    deps:
    - path: src/data_ingestion.py
      hash: md5
      md5: 2804a0398424dbc5fdd81c7b0913af11
      size: 3054
    params:
      params.yaml:
        data_ingestion.test_size: 0.2
    outs:
    - path: data/raw
      hash: md5
      md5: a6286149b79bb7197d127b3966317f49.dir
      size: 479272
      nfiles: 2
  data_preprocessing:
    cmd: python src/data_preprocessing.py
    deps:
    - path: data/raw
      hash: md5
      md5: a6286149b79bb7197d127b3966317f49.dir
      size: 479272
      nfiles: 2
    - path: src/data_preprocessing.py
      hash: md5
      md5: 85b5dfe2d1ee309f1e48ee1fea344a1e
      size: 3874
    outs:
    - path: data/interim
      hash: md5
      md5: 20720fdb2a45a5ae11e62a808f877bc4.dir
      size: 256806
      nfiles: 2
  feature_engineering:
    cmd: python src/feature_engineering.py
    deps:
    - path: data/interim
      hash: md5
      md5: 20720fdb2a45a5ae11e62a808f877bc4.dir
      size: 256806
      nfiles: 2
    - path: src/feature_engineering.py
      hash: md5
      md5: 55c838f8b9b24bdf96f0bf4a576fbf73
      size: 3798
    params:
      params.yaml:
        feature_engineering.max_features: 20
    outs:
    - path: data/processed
      hash: md5
      md5: c7badfad7fcdd22bff1ac07def618576.dir
      size: 481770
      nfiles: 2
  model_building:
    cmd: python src/model_training.py
    deps:
    - path: data/processed
      hash: md5
      md5: c7badfad7fcdd22bff1ac07def618576.dir
      size: 481770
      nfiles: 2
    - path: src/model_training.py
      hash: md5
      md5: 2103a5b0dfacdf73550a2ad8bcc9499a
      size: 4343
    params:
      params.yaml:
        model_training.n_estimators: 25
        model_training.random_state: 2
    outs:
    - path: models/model.pkl
      hash: md5
      md5: fa548575bf46c176b785de7de91567e2
      size: 572203
  model_evaluation:
    cmd: python src/model_evaluation.py
    deps:
    - path: models/model.pkl
      hash: md5
      md5: fa548575bf46c176b785de7de91567e2
      size: 572203
    - path: src/model_evaluation.py
      hash: md5
      md5: 9c04ca5ab71bd9c5f5e88549418d1063
      size: 4549
    outs:
    - path: reports/metrics.json
      hash: md5
      md5: ad26255a7c6a66aee0de1efc26f62beb
      size: 138
